
Microsoft Visual Studio Solution File, Format Version 12.00
# Visual Studio 15
VisualStudioVersion = 15.0.28307.489
MinimumVisualStudioVersion = 10.0.40219.1
Project("{FAE04EC0-301F-11D3-BF4B-00C04F79EFBC}") = "ASPTest", "ASPTest\ASPTest.csproj", "{3EFB4CB5-4A38-476A-9CAB-CE4CCB72A706}"
EndProject
Global
	GlobalSection(SolutionConfigurationPlatforms) = preSolution
		Debug|Any CPU = Debug|Any CPU
		Release|Any CPU = Release|Any CPU
	EndGlobalSection
	GlobalSection(ProjectConfigurationPlatforms) = postSolution
		{3EFB4CB5-4A38-476A-9CAB-CE4CCB72A706}.Debug|Any CPU.ActiveCfg = Debug|Any CPU
		{3EFB4CB5-4A38-476A-9CAB-CE4CCB72A706}.Debug|Any CPU.Build.0 = Debug|Any CPU
		{3EFB4CB5-4A38-476A-9CAB-CE4CCB72A706}.Release|Any CPU.ActiveCfg = Release|Any CPU
		{3EFB4CB5-4A38-476A-9CAB-CE4CCB72A706}.Release|Any CPU.Build.0 = Release|Any CPU
	EndGlobalSection
	GlobalSection(SolutionProperties) = preSolution
		HideSolutionNode = FALSE
	EndGlobalSection
	GlobalSection(ExtensibilityGlobals) = postSolution
		SolutionGuid = {18E52BCD-71D9-4571-BF2A-DE5356C2F99F}
	EndGlobalSection
EndGlobal
